
Microsoft Visual Studio Solution File, Format Version 12.00
# Visual Studio Version 17
VisualStudioVersion = 17.10.34928.147
MinimumVisualStudioVersion = 10.0.40219.1
Project("{FAE04EC0-301F-11D3-BF4B-00C04F79EFBC}") = "FastCarCore.Application", "FastCarCore.Application\FastCarCore.Application.csproj", "{CDBA936F-6949-4418-91D9-8D7A615F3D84}"
EndProject
Global
	GlobalSection(SolutionConfigurationPlatforms) = preSolution
		Debug|Any CPU = Debug|Any CPU
		Release|Any CPU = Release|Any CPU
	EndGlobalSection
	GlobalSection(ProjectConfigurationPlatforms) = postSolution
		{CDBA936F-6949-4418-91D9-8D7A615F3D84}.Debug|Any CPU.ActiveCfg = Debug|Any CPU
		{CDBA936F-6949-4418-91D9-8D7A615F3D84}.Debug|Any CPU.Build.0 = Debug|Any CPU
		{CDBA936F-6949-4418-91D9-8D7A615F3D84}.Release|Any CPU.ActiveCfg = Release|Any CPU
		{CDBA936F-6949-4418-91D9-8D7A615F3D84}.Release|Any CPU.Build.0 = Release|Any CPU
	EndGlobalSection
	GlobalSection(SolutionProperties) = preSolution
		HideSolutionNode = FALSE
	EndGlobalSection
	GlobalSection(ExtensibilityGlobals) = postSolution
		SolutionGuid = {89C39ADF-66F4-4515-B350-56F22E225431}
	EndGlobalSection
EndGlobal
